// !$*UTF8*$!
{
	archiveVersion = 1;
	classes = {
	};
	objectVersion = 46;
	objects = {

/* Begin PBXBuildFile section */
		F4D4303A15C85EEB005743B2 /* UIKit.framework in Frameworks */ = {isa = PBXBuildFile; fileRef = F4D4303915C85EEB005743B2 /* UIKit.framework */; };
		F4D4303C15C85EEB005743B2 /* Foundation.framework in Frameworks */ = {isa = PBXBuildFile; fileRef = F4D4303B15C85EEB005743B2 /* Foundation.framework */; };
		F4D4303E15C85EEB005743B2 /* CoreGraphics.framework in Frameworks */ = {isa = PBXBuildFile; fileRef = F4D4303D15C85EEB005743B2 /* CoreGraphics.framework */; };
		F4D4304415C85EEB005743B2 /* InfoPlist.strings in Resources */ = {isa = PBXBuildFile; fileRef = F4D4304215C85EEB005743B2 /* InfoPlist.strings */; };
		F4D4304615C85EEB005743B2 /* main.m in Sources */ = {isa = PBXBuildFile; fileRef = F4D4304515C85EEB005743B2 /* main.m */; };
		F4D4304A15C85EEB005743B2 /* AppDelegate.m in Sources */ = {isa = PBXBuildFile; fileRef = F4D4304915C85EEB005743B2 /* AppDelegate.m */; };
		F4D4304D15C85EEB005743B2 /* MainStoryboard_iPhone.storyboard in Resources */ = {isa = PBXBuildFile; fileRef = F4D4304B15C85EEB005743B2 /* MainStoryboard_iPhone.storyboard */; };
		F4D4305015C85EEB005743B2 /* MainStoryboard_iPad.storyboard in Resources */ = {isa = PBXBuildFile; fileRef = F4D4304E15C85EEB005743B2 /* MainStoryboard_iPad.storyboard */; };
		F4D4305315C85EEB005743B2 /* ViewController.m in Sources */ = {isa = PBXBuildFile; fileRef = F4D4305215C85EEB005743B2 /* ViewController.m */; };
/* End PBXBuildFile section */

/* Begin PBXFileReference section */
		F4D4303515C85EEB005743B2 /* HelloProgram.app */ = {isa = PBXFileReference; explicitFileType = wrapper.application; includeInIndex = 0; path = HelloProgram.app; sourceTree = BUILT_PRODUCTS_DIR; };
		F4D4303915C85EEB005743B2 /* UIKit.framework */ = {isa = PBXFileReference; lastKnownFileType = wrapper.framework; name = UIKit.framework; path = System/Library/Frameworks/UIKit.framework; sourceTree = SDKROOT; };
		F4D4303B15C85EEB005743B2 /* Foundation.framework */ = {isa = PBXFileReference; lastKnownFileType = wrapper.framework; name = Foundation.framework; path = System/Library/Frameworks/Foundation.framework; sourceTree = SDKROOT; };
		F4D4303D15C85EEB005743B2 /* CoreGraphics.framework */ = {isa = PBXFileReference; lastKnownFileType = wrapper.framework; name = CoreGraphics.framework; path = System/Library/Frameworks/CoreGraphics.framework; sourceTree = SDKROOT; };
		F4D4304115C85EEB005743B2 /* HelloProgram-Info.plist */ = {isa = PBXFileReference; lastKnownFileType = text.plist.xml; path = "HelloProgram-Info.plist"; sourceTree = "<group>"; };
		F4D4304315C85EEB005743B2 /* en */ = {isa = PBXFileReference; lastKnownFileType = text.plist.strings; name = en; path = en.lproj/InfoPlist.strings; sourceTree = "<group>"; };
		F4D4304515C85EEB005743B2 /* main.m */ = {isa = PBXFileReference; lastKnownFileType = sourcecode.c.objc; path = main.m; sourceTree = "<group>"; };
		F4D4304715C85EEB005743B2 /* HelloProgram-Prefix.pch */ = {isa = PBXFileReference; lastKnownFileType = sourcecode.c.h; path = "HelloProgram-Prefix.pch"; sourceTree = "<group>"; };
		F4D4304815C85EEB005743B2 /* AppDelegate.h */ = {isa = PBXFileReference; lastKnownFileType = sourcecode.c.h; path = AppDelegate.h; sourceTree = "<group>"; };
		F4D4304915C85EEB005743B2 /* AppDelegate.m */ = {isa = PBXFileReference; lastKnownFileType = sourcecode.c.objc; path = AppDelegate.m; sourceTree = "<group>"; };
		F4D4304C15C85EEB005743B2 /* en */ = {isa = PBXFileReference; lastKnownFileType = file.storyboard; name = en; path = en.lproj/MainStoryboard_iPhone.storyboard; sourceTree = "<group>"; };
		F4D4304F15C85EEB005743B2 /* en */ = {isa = PBXFileReference; lastKnownFileType = file.storyboard; name = en; path = en.lproj/MainStoryboard_iPad.storyboard; sourceTree = "<group>"; };
		F4D4305115C85EEB005743B2 /* ViewController.h */ = {isa = PBXFileReference; lastKnownFileType = sourcecode.c.h; path = ViewController.h; sourceTree = "<group>"; };
		F4D4305215C85EEB005743B2 /* ViewController.m */ = {isa = PBXFileReference; lastKnownFileType = sourcecode.c.objc; path = ViewController.m; sourceTree = "<group>"; };
/* End PBXFileReference section */

/* Begin PBXFrameworksBuildPhase section */
		F4D4303215C85EEB005743B2 /* Frameworks */ = {
			isa = PBXFrameworksBuildPhase;
			buildActionMask = 2147483647;
			files = (
				F4D4303A15C85EEB005743B2 /* UIKit.framework in Frameworks */,
				F4D4303C15C85EEB005743B2 /* Foundation.framework in Frameworks */,
				F4D4303E15C85EEB005743B2 /* CoreGraphics.framework in Frameworks */,
			);
			runOnlyForDeploymentPostprocessing = 0;
		};
/* End PBXFrameworksBuildPhase section */

/* Begin PBXGroup section */
		F4D4302A15C85EEB005743B2 = {
			isa = PBXGroup;
			children = (
				F4D4303F15C85EEB005743B2 /* HelloProgram */,
				F4D4303815C85EEB005743B2 /* Frameworks */,
				F4D4303615C85EEB005743B2 /* Products */,
			);
			sourceTree = "<group>";
		};
		F4D4303615C85EEB005743B2 /* Products */ = {
			isa = PBXGroup;
			children = (
				F4D4303515C85EEB005743B2 /* HelloProgram.app */,
			);
			name = Products;
			sourceTree = "<group>";
		};
		F4D4303815C85EEB005743B2 /* Frameworks */ = {
			isa = PBXGroup;
			children = (
				F4D4303915C85EEB005743B2 /* UIKit.framework */,
				F4D4303B15C85EEB005743B2 /* Foundation.framework */,
				F4D4303D15C85EEB005743B2 /* CoreGraphics.framework */,
			);
			name = Frameworks;
			sourceTree = "<group>";
		};
		F4D4303F15C85EEB005743B2 /* HelloProgram */ = {
			isa = PBXGroup;
			children = (
				F4D4304815C85EEB005743B2 /* AppDelegate.h */,
				F4D4304915C85EEB005743B2 /* AppDelegate.m */,
				F4D4304B15C85EEB005743B2 /* MainStoryboard_iPhone.storyboard */,
				F4D4304E15C85EEB005743B2 /* MainStoryboard_iPad.storyboard */,
				F4D4305115C85EEB005743B2 /* ViewController.h */,
				F4D4305215C85EEB005743B2 /* ViewController.m */,
				F4D4304015C85EEB005743B2 /* Supporting Files */,
			);
			path = HelloProgram;
			sourceTree = "<group>";
		};
		F4D4304015C85EEB005743B2 /* Supporting Files */ = {
			isa = PBXGroup;
			children = (
				F4D4304115C85EEB005743B2 /* HelloProgram-Info.plist */,
				F4D4304215C85EEB005743B2 /* InfoPlist.strings */,
				F4D4304515C85EEB005743B2 /* main.m */,
				F4D4304715C85EEB005743B2 /* HelloProgram-Prefix.pch */,
			);
			name = "Supporting Files";
			sourceTree = "<group>";
		};
/* End PBXGroup section */

/* Begin PBXNativeTarget section */
		F4D4303415C85EEB005743B2 /* HelloProgram */ = {
			isa = PBXNativeTarget;
			buildConfigurationList = F4D4305615C85EEB005743B2 /* Build configuration list for PBXNativeTarget "HelloProgram" */;
			buildPhases = (
				F4D4303115C85EEB005743B2 /* Sources */,
				F4D4303215C85EEB005743B2 /* Frameworks */,
				F4D4303315C85EEB005743B2 /* Resources */,
			);
			buildRules = (
			);
			dependencies = (
			);
			name = HelloProgram;
			productName = HelloProgram;
			productReference = F4D4303515C85EEB005743B2 /* HelloProgram.app */;
			productType = "com.apple.product-type.application";
		};
/* End PBXNativeTarget section */

/* Begin PBXProject section */
		F4D4302C15C85EEB005743B2 /* Project object */ = {
			isa = PBXProject;
			attributes = {
				LastUpgradeCheck = 0440;
				ORGANIZATIONNAME = "Zachary Tyler Hennessey";
			};
			buildConfigurationList = F4D4302F15C85EEB005743B2 /* Build configuration list for PBXProject "HelloProgram" */;
			compatibilityVersion = "Xcode 3.2";
			developmentRegion = English;
			hasScannedForEncodings = 0;
			knownRegions = (
				en,
			);
			mainGroup = F4D4302A15C85EEB005743B2;
			productRefGroup = F4D4303615C85EEB005743B2 /* Products */;
			projectDirPath = "";
			projectRoot = "";
			targets = (
				F4D4303415C85EEB005743B2 /* HelloProgram */,
			);
		};
/* End PBXProject section */

/* Begin PBXResourcesBuildPhase section */
		F4D4303315C85EEB005743B2 /* Resources */ = {
			isa = PBXResourcesBuildPhase;
			buildActionMask = 2147483647;
			files = (
				F4D4304415C85EEB005743B2 /* InfoPlist.strings in Resources */,
				F4D4304D15C85EEB005743B2 /* MainStoryboard_iPhone.storyboard in Resources */,
				F4D4305015C85EEB005743B2 /* MainStoryboard_iPad.storyboard in Resources */,
			);
			runOnlyForDeploymentPostprocessing = 0;
		};
/* End PBXResourcesBuildPhase section */

/* Begin PBXSourcesBuildPhase section */
		F4D4303115C85EEB005743B2 /* Sources */ = {
			isa = PBXSourcesBuildPhase;
			buildActionMask = 2147483647;
			files = (
				F4D4304615C85EEB005743B2 /* main.m in Sources */,
				F4D4304A15C85EEB005743B2 /* AppDelegate.m in Sources */,
				F4D4305315C85EEB005743B2 /* ViewController.m in Sources */,
			);
			runOnlyForDeploymentPostprocessing = 0;
		};
/* End PBXSourcesBuildPhase section */

/* Begin PBXVariantGroup section */
		F4D4304215C85EEB005743B2 /* InfoPlist.strings */ = {
			isa = PBXVariantGroup;
			children = (
				F4D4304315C85EEB005743B2 /* en */,
			);
			name = InfoPlist.strings;
			sourceTree = "<group>";
		};
		F4D4304B15C85EEB005743B2 /* MainStoryboard_iPhone.storyboard */ = {
			isa = PBXVariantGroup;
			children = (
				F4D4304C15C85EEB005743B2 /* en */,
			);
			name = MainStoryboard_iPhone.storyboard;
			sourceTree = "<group>";
		};
		F4D4304E15C85EEB005743B2 /* MainStoryboard_iPad.storyboard */ = {
			isa = PBXVariantGroup;
			children = (
				F4D4304F15C85EEB005743B2 /* en */,
			);
			name = MainStoryboard_iPad.storyboard;
			sourceTree = "<group>";
		};
/* End PBXVariantGroup section */

/* Begin XCBuildConfiguration section */
		F4D4305415C85EEB005743B2 /* Debug */ = {
			isa = XCBuildConfiguration;
			buildSettings = {
				ALWAYS_SEARCH_USER_PATHS = NO;
				ARCHS = "$(ARCHS_STANDARD_32_BIT)";
				CLANG_CXX_LANGUAGE_STANDARD = "gnu++0x";
				CLANG_ENABLE_OBJC_ARC = YES;
				CLANG_WARN__DUPLICATE_METHOD_MATCH = YES;
				"CODE_SIGN_IDENTITY[sdk=iphoneos*]" = "iPhone Developer";
				COPY_PHASE_STRIP = NO;
				GCC_C_LANGUAGE_STANDARD = gnu99;
				GCC_DYNAMIC_NO_PIC = NO;
				GCC_OPTIMIZATION_LEVEL = 0;
				GCC_PREPROCESSOR_DEFINITIONS = (
					"DEBUG=1",
					"$(inherited)",
				);
				GCC_SYMBOLS_PRIVATE_EXTERN = NO;
				GCC_VERSION = com.apple.compilers.llvm.clang.1_0;
				GCC_WARN_ABOUT_RETURN_TYPE = YES;
				GCC_WARN_UNINITIALIZED_AUTOS = YES;
				GCC_WARN_UNUSED_VARIABLE = YES;
				IPHONEOS_DEPLOYMENT_TARGET = 5.1;
				SDKROOT = iphoneos;
				TARGETED_DEVICE_FAMILY = "1,2";
			};
			name = Debug;
		};
		F4D4305515C85EEB005743B2 /* Release */ = {
			isa = XCBuildConfiguration;
			buildSettings = {
				ALWAYS_SEARCH_USER_PATHS = NO;
				ARCHS = "$(ARCHS_STANDARD_32_BIT)";
				CLANG_CXX_LANGUAGE_STANDARD = "gnu++0x";
				CLANG_ENABLE_OBJC_ARC = YES;
				CLANG_WARN__DUPLICATE_METHOD_MATCH = YES;
				"CODE_SIGN_IDENTITY[sdk=iphoneos*]" = "iPhone Developer";
				COPY_PHASE_STRIP = YES;
				GCC_C_LANGUAGE_STANDARD = gnu99;
				GCC_VERSION = com.apple.compilers.llvm.clang.1_0;
				GCC_WARN_ABOUT_RETURN_TYPE = YES;
				GCC_WARN_UNINITIALIZED_AUTOS = YES;
				GCC_WARN_UNUSED_VARIABLE = YES;
				IPHONEOS_DEPLOYMENT_TARGET = 5.1;
				OTHER_CFLAGS = "-DNS_BLOCK_ASSERTIONS=1";
				SDKROOT = iphoneos;
				TARGETED_DEVICE_FAMILY = "1,2";
				VALIDATE_PRODUCT = YES;
			};
			name = Release;
		};
		F4D4305715C85EEB005743B2 /* Debug */ = {
			isa = XCBuildConfiguration;
			buildSettings = {
				GCC_PRECOMPILE_PREFIX_HEADER = YES;
				GCC_PREFIX_HEADER = "HelloProgram/HelloProgram-Prefix.pch";
				INFOPLIST_FILE = "HelloProgram/HelloProgram-Info.plist";
				PRODUCT_NAME = "$(TARGET_NAME)";
				WRAPPER_EXTENSION = app;
			};
			name = Debug;
		};
		F4D4305815C85EEB005743B2 /* Release */ = {
			isa = XCBuildConfiguration;
			buildSettings = {
				GCC_PRECOMPILE_PREFIX_HEADER = YES;
				GCC_PREFIX_HEADER = "HelloProgram/HelloProgram-Prefix.pch";
				INFOPLIST_FILE = "HelloProgram/HelloProgram-Info.plist";
				PRODUCT_NAME = "$(TARGET_NAME)";
				WRAPPER_EXTENSION = app;
			};
			name = Release;
		};
/* End XCBuildConfiguration section */

/* Begin XCConfigurationList section */
		F4D4302F15C85EEB005743B2 /* Build configuration list for PBXProject "HelloProgram" */ = {
			isa = XCConfigurationList;
			buildConfigurations = (
				F4D4305415C85EEB005743B2 /* Debug */,
				F4D4305515C85EEB005743B2 /* Release */,
			);
			defaultConfigurationIsVisible = 0;
			defaultConfigurationName = Release;
		};
		F4D4305615C85EEB005743B2 /* Build configuration list for PBXNativeTarget "HelloProgram" */ = {
			isa = XCConfigurationList;
			buildConfigurations = (
				F4D4305715C85EEB005743B2 /* Debug */,
				F4D4305815C85EEB005743B2 /* Release */,
			);
			defaultConfigurationIsVisible = 0;
		};
/* End XCConfigurationList section */
	};
	rootObject = F4D4302C15C85EEB005743B2 /* Project object */;
}
